
Microsoft Visual Studio Solution File, Format Version 12.00
# Visual Studio Version 17
VisualStudioVersion = 17.8.34525.116
MinimumVisualStudioVersion = 10.0.40219.1
Project("{FAE04EC0-301F-11D3-BF4B-00C04F79EFBC}") = "Project_List_product", "Project_List_product\Project_List_product.csproj", "{15C34582-7C39-4290-A7C0-753533BDC5B2}"
EndProject
Project("{FAE04EC0-301F-11D3-BF4B-00C04F79EFBC}") = "Ex_list", "Ex_list\Ex_list.csproj", "{8F3A329C-C232-42F2-B599-381540C5BED9}"
EndProject
Global
	GlobalSection(SolutionConfigurationPlatforms) = preSolution
		Debug|Any CPU = Debug|Any CPU
		Release|Any CPU = Release|Any CPU
	EndGlobalSection
	GlobalSection(ProjectConfigurationPlatforms) = postSolution
		{15C34582-7C39-4290-A7C0-753533BDC5B2}.Debug|Any CPU.ActiveCfg = Debug|Any CPU
		{15C34582-7C39-4290-A7C0-753533BDC5B2}.Debug|Any CPU.Build.0 = Debug|Any CPU
		{15C34582-7C39-4290-A7C0-753533BDC5B2}.Release|Any CPU.ActiveCfg = Release|Any CPU
		{15C34582-7C39-4290-A7C0-753533BDC5B2}.Release|Any CPU.Build.0 = Release|Any CPU
		{8F3A329C-C232-42F2-B599-381540C5BED9}.Debug|Any CPU.ActiveCfg = Debug|Any CPU
		{8F3A329C-C232-42F2-B599-381540C5BED9}.Debug|Any CPU.Build.0 = Debug|Any CPU
		{8F3A329C-C232-42F2-B599-381540C5BED9}.Release|Any CPU.ActiveCfg = Release|Any CPU
		{8F3A329C-C232-42F2-B599-381540C5BED9}.Release|Any CPU.Build.0 = Release|Any CPU
	EndGlobalSection
	GlobalSection(SolutionProperties) = preSolution
		HideSolutionNode = FALSE
	EndGlobalSection
	GlobalSection(ExtensibilityGlobals) = postSolution
		SolutionGuid = {EEF50118-6A83-42B9-A0BD-5FA4763DD66A}
	EndGlobalSection
EndGlobal
